
Microsoft Visual Studio Solution File, Format Version 12.00
# Visual Studio 15
VisualStudioVersion = 15.0.26228.9
MinimumVisualStudioVersion = 10.0.40219.1
Project("{FAE04EC0-301F-11D3-BF4B-00C04F79EFBC}") = "QuizApp", "QuizApp\QuizApp\QuizApp.csproj", "{4F013BC3-2697-4998-9E8C-2501767B8D05}"
EndProject
Project("{FAE04EC0-301F-11D3-BF4B-00C04F79EFBC}") = "QuizApp.Droid", "QuizApp\QuizApp.Droid\QuizApp.Droid.csproj", "{47226226-F592-4D65-BD18-4CA86EC1AEB5}"
EndProject
Project("{FAE04EC0-301F-11D3-BF4B-00C04F79EFBC}") = "QuizApp.iOS", "QuizApp\QuizApp.iOS\QuizApp.iOS.csproj", "{F9D98FCB-A950-430E-8EFE-38A58AB94493}"
EndProject
Project("{FAE04EC0-301F-11D3-BF4B-00C04F79EFBC}") = "QuizApp.UWP", "QuizApp\QuizApp.UWP\QuizApp.UWP.csproj", "{9A3190CE-9334-4C6B-B012-004EFF7D70A6}"
EndProject
Global
	GlobalSection(SolutionConfigurationPlatforms) = preSolution
		Ad-Hoc|Any CPU = Ad-Hoc|Any CPU
		Ad-Hoc|ARM = Ad-Hoc|ARM
		Ad-Hoc|iPhone = Ad-Hoc|iPhone
		Ad-Hoc|iPhoneSimulator = Ad-Hoc|iPhoneSimulator
		Ad-Hoc|x64 = Ad-Hoc|x64
		Ad-Hoc|x86 = Ad-Hoc|x86
		AppStore|Any CPU = AppStore|Any CPU
		AppStore|ARM = AppStore|ARM
		AppStore|iPhone = AppStore|iPhone
		AppStore|iPhoneSimulator = AppStore|iPhoneSimulator
		AppStore|x64 = AppStore|x64
		AppStore|x86 = AppStore|x86
		Debug|Any CPU = Debug|Any CPU
		Debug|ARM = Debug|ARM
		Debug|iPhone = Debug|iPhone
		Debug|iPhoneSimulator = Debug|iPhoneSimulator
		Debug|x64 = Debug|x64
		Debug|x86 = Debug|x86
		Release|Any CPU = Release|Any CPU
		Release|ARM = Release|ARM
		Release|iPhone = Release|iPhone
		Release|iPhoneSimulator = Release|iPhoneSimulator
		Release|x64 = Release|x64
		Release|x86 = Release|x86
	EndGlobalSection
	GlobalSection(ProjectConfigurationPlatforms) = postSolution
		{4F013BC3-2697-4998-9E8C-2501767B8D05}.Ad-Hoc|Any CPU.ActiveCfg = Release|Any CPU
		{4F013BC3-2697-4998-9E8C-2501767B8D05}.Ad-Hoc|Any CPU.Build.0 = Release|Any CPU
		{4F013BC3-2697-4998-9E8C-2501767B8D05}.Ad-Hoc|ARM.ActiveCfg = Release|Any CPU
		{4F013BC3-2697-4998-9E8C-2501767B8D05}.Ad-Hoc|ARM.Build.0 = Release|Any CPU
		{4F013BC3-2697-4998-9E8C-2501767B8D05}.Ad-Hoc|iPhone.ActiveCfg = Release|Any CPU
		{4F013BC3-2697-4998-9E8C-2501767B8D05}.Ad-Hoc|iPhone.Build.0 = Release|Any CPU
		{4F013BC3-2697-4998-9E8C-2501767B8D05}.Ad-Hoc|iPhoneSimulator.ActiveCfg = Release|Any CPU
		{4F013BC3-2697-4998-9E8C-2501767B8D05}.Ad-Hoc|iPhoneSimulator.Build.0 = Release|Any CPU
		{4F013BC3-2697-4998-9E8C-2501767B8D05}.Ad-Hoc|x64.ActiveCfg = Release|Any CPU
		{4F013BC3-2697-4998-9E8C-2501767B8D05}.Ad-Hoc|x64.Build.0 = Release|Any CPU
		{4F013BC3-2697-4998-9E8C-2501767B8D05}.Ad-Hoc|x86.ActiveCfg = Release|Any CPU
		{4F013BC3-2697-4998-9E8C-2501767B8D05}.Ad-Hoc|x86.Build.0 = Release|Any CPU
		{4F013BC3-2697-4998-9E8C-2501767B8D05}.AppStore|Any CPU.ActiveCfg = Release|Any CPU
		{4F013BC3-2697-4998-9E8C-2501767B8D05}.AppStore|Any CPU.Build.0 = Release|Any CPU
		{4F013BC3-2697-4998-9E8C-2501767B8D05}.AppStore|ARM.ActiveCfg = Release|Any CPU
		{4F013BC3-2697-4998-9E8C-2501767B8D05}.AppStore|ARM.Build.0 = Release|Any CPU
		{4F013BC3-2697-4998-9E8C-2501767B8D05}.AppStore|iPhone.ActiveCfg = Release|Any CPU
		{4F013BC3-2697-4998-9E8C-2501767B8D05}.AppStore|iPhone.Build.0 = Release|Any CPU
		{4F013BC3-2697-4998-9E8C-2501767B8D05}.AppStore|iPhoneSimulator.ActiveCfg = Release|Any CPU
		{4F013BC3-2697-4998-9E8C-2501767B8D05}.AppStore|iPhoneSimulator.Build.0 = Release|Any CPU
		{4F013BC3-2697-4998-9E8C-2501767B8D05}.AppStore|x64.ActiveCfg = Release|Any CPU
		{4F013BC3-2697-4998-9E8C-2501767B8D05}.AppStore|x64.Build.0 = Release|Any CPU
		{4F013BC3-2697-4998-9E8C-2501767B8D05}.AppStore|x86.ActiveCfg = Release|Any CPU
		{4F013BC3-2697-4998-9E8C-2501767B8D05}.AppStore|x86.Build.0 = Release|Any CPU
		{4F013BC3-2697-4998-9E8C-2501767B8D05}.Debug|Any CPU.ActiveCfg = Debug|Any CPU
		{4F013BC3-2697-4998-9E8C-2501767B8D05}.Debug|Any CPU.Build.0 = Debug|Any CPU
		{4F013BC3-2697-4998-9E8C-2501767B8D05}.Debug|ARM.ActiveCfg = Debug|Any CPU
		{4F013BC3-2697-4998-9E8C-2501767B8D05}.Debug|ARM.Build.0 = Debug|Any CPU
		{4F013BC3-2697-4998-9E8C-2501767B8D05}.Debug|iPhone.ActiveCfg = Debug|Any CPU
		{4F013BC3-2697-4998-9E8C-2501767B8D05}.Debug|iPhone.Build.0 = Debug|Any CPU
		{4F013BC3-2697-4998-9E8C-2501767B8D05}.Debug|iPhoneSimulator.ActiveCfg = Debug|Any CPU
		{4F013BC3-2697-4998-9E8C-2501767B8D05}.Debug|iPhoneSimulator.Build.0 = Debug|Any CPU
		{4F013BC3-2697-4998-9E8C-2501767B8D05}.Debug|x64.ActiveCfg = Debug|Any CPU
		{4F013BC3-2697-4998-9E8C-2501767B8D05}.Debug|x64.Build.0 = Debug|Any CPU
		{4F013BC3-2697-4998-9E8C-2501767B8D05}.Debug|x86.ActiveCfg = Debug|Any CPU
		{4F013BC3-2697-4998-9E8C-2501767B8D05}.Debug|x86.Build.0 = Debug|Any CPU
		{4F013BC3-2697-4998-9E8C-2501767B8D05}.Release|Any CPU.ActiveCfg = Release|Any CPU
		{4F013BC3-2697-4998-9E8C-2501767B8D05}.Release|Any CPU.Build.0 = Release|Any CPU
		{4F013BC3-2697-4998-9E8C-2501767B8D05}.Release|ARM.ActiveCfg = Release|Any CPU
		{4F013BC3-2697-4998-9E8C-2501767B8D05}.Release|ARM.Build.0 = Release|Any CPU
		{4F013BC3-2697-4998-9E8C-2501767B8D05}.Release|iPhone.ActiveCfg = Release|Any CPU
		{4F013BC3-2697-4998-9E8C-2501767B8D05}.Release|iPhone.Build.0 = Release|Any CPU
		{4F013BC3-2697-4998-9E8C-2501767B8D05}.Release|iPhoneSimulator.ActiveCfg = Release|Any CPU
		{4F013BC3-2697-4998-9E8C-2501767B8D05}.Release|iPhoneSimulator.Build.0 = Release|Any CPU
		{4F013BC3-2697-4998-9E8C-2501767B8D05}.Release|x64.ActiveCfg = Release|Any CPU
		{4F013BC3-2697-4998-9E8C-2501767B8D05}.Release|x64.Build.0 = Release|Any CPU
		{4F013BC3-2697-4998-9E8C-2501767B8D05}.Release|x86.ActiveCfg = Release|Any CPU
		{4F013BC3-2697-4998-9E8C-2501767B8D05}.Release|x86.Build.0 = Release|Any CPU
		{47226226-F592-4D65-BD18-4CA86EC1AEB5}.Ad-Hoc|Any CPU.ActiveCfg = Release|Any CPU
		{47226226-F592-4D65-BD18-4CA86EC1AEB5}.Ad-Hoc|Any CPU.Build.0 = Release|Any CPU
		{47226226-F592-4D65-BD18-4CA86EC1AEB5}.Ad-Hoc|Any CPU.Deploy.0 = Release|Any CPU
		{47226226-F592-4D65-BD18-4CA86EC1AEB5}.Ad-Hoc|ARM.ActiveCfg = Release|Any CPU
		{47226226-F592-4D65-BD18-4CA86EC1AEB5}.Ad-Hoc|ARM.Build.0 = Release|Any CPU
		{47226226-F592-4D65-BD18-4CA86EC1AEB5}.Ad-Hoc|ARM.Deploy.0 = Release|Any CPU
		{47226226-F592-4D65-BD18-4CA86EC1AEB5}.Ad-Hoc|iPhone.ActiveCfg = Release|Any CPU
		{47226226-F592-4D65-BD18-4CA86EC1AEB5}.Ad-Hoc|iPhone.Build.0 = Release|Any CPU
		{47226226-F592-4D65-BD18-4CA86EC1AEB5}.Ad-Hoc|iPhone.Deploy.0 = Release|Any CPU
		{47226226-F592-4D65-BD18-4CA86EC1AEB5}.Ad-Hoc|iPhoneSimulator.ActiveCfg = Release|Any CPU
		{47226226-F592-4D65-BD18-4CA86EC1AEB5}.Ad-Hoc|iPhoneSimulator.Build.0 = Release|Any CPU
		{47226226-F592-4D65-BD18-4CA86EC1AEB5}.Ad-Hoc|iPhoneSimulator.Deploy.0 = Release|Any CPU
		{47226226-F592-4D65-BD18-4CA86EC1AEB5}.Ad-Hoc|x64.ActiveCfg = Release|Any CPU
		{47226226-F592-4D65-BD18-4CA86EC1AEB5}.Ad-Hoc|x64.Build.0 = Release|Any CPU
		{47226226-F592-4D65-BD18-4CA86EC1AEB5}.Ad-Hoc|x64.Deploy.0 = Release|Any CPU
		{47226226-F592-4D65-BD18-4CA86EC1AEB5}.Ad-Hoc|x86.ActiveCfg = Release|Any CPU
		{47226226-F592-4D65-BD18-4CA86EC1AEB5}.Ad-Hoc|x86.Build.0 = Release|Any CPU
		{47226226-F592-4D65-BD18-4CA86EC1AEB5}.Ad-Hoc|x86.Deploy.0 = Release|Any CPU
		{47226226-F592-4D65-BD18-4CA86EC1AEB5}.AppStore|Any CPU.ActiveCfg = Release|Any CPU
		{47226226-F592-4D65-BD18-4CA86EC1AEB5}.AppStore|Any CPU.Build.0 = Release|Any CPU
		{47226226-F592-4D65-BD18-4CA86EC1AEB5}.AppStore|Any CPU.Deploy.0 = Release|Any CPU
		{47226226-F592-4D65-BD18-4CA86EC1AEB5}.AppStore|ARM.ActiveCfg = Release|Any CPU
		{47226226-F592-4D65-BD18-4CA86EC1AEB5}.AppStore|ARM.Build.0 = Release|Any CPU
		{47226226-F592-4D65-BD18-4CA86EC1AEB5}.AppStore|ARM.Deploy.0 = Release|Any CPU
		{47226226-F592-4D65-BD18-4CA86EC1AEB5}.AppStore|iPhone.ActiveCfg = Release|Any CPU
		{47226226-F592-4D65-BD18-4CA86EC1AEB5}.AppStore|iPhone.Build.0 = Release|Any CPU
		{47226226-F592-4D65-BD18-4CA86EC1AEB5}.AppStore|iPhone.Deploy.0 = Release|Any CPU
		{47226226-F592-4D65-BD18-4CA86EC1AEB5}.AppStore|iPhoneSimulator.ActiveCfg = Release|Any CPU
		{47226226-F592-4D65-BD18-4CA86EC1AEB5}.AppStore|iPhoneSimulator.Build.0 = Release|Any CPU
		{47226226-F592-4D65-BD18-4CA86EC1AEB5}.AppStore|iPhoneSimulator.Deploy.0 = Release|Any CPU
		{47226226-F592-4D65-BD18-4CA86EC1AEB5}.AppStore|x64.ActiveCfg = Release|Any CPU
		{47226226-F592-4D65-BD18-4CA86EC1AEB5}.AppStore|x64.Build.0 = Release|Any CPU
		{47226226-F592-4D65-BD18-4CA86EC1AEB5}.AppStore|x64.Deploy.0 = Release|Any CPU
		{47226226-F592-4D65-BD18-4CA86EC1AEB5}.AppStore|x86.ActiveCfg = Release|Any CPU
		{47226226-F592-4D65-BD18-4CA86EC1AEB5}.AppStore|x86.Build.0 = Release|Any CPU
		{47226226-F592-4D65-BD18-4CA86EC1AEB5}.AppStore|x86.Deploy.0 = Release|Any CPU
		{47226226-F592-4D65-BD18-4CA86EC1AEB5}.Debug|Any CPU.ActiveCfg = Debug|Any CPU
		{47226226-F592-4D65-BD18-4CA86EC1AEB5}.Debug|Any CPU.Build.0 = Debug|Any CPU
		{47226226-F592-4D65-BD18-4CA86EC1AEB5}.Debug|Any CPU.Deploy.0 = Debug|Any CPU
		{47226226-F592-4D65-BD18-4CA86EC1AEB5}.Debug|ARM.ActiveCfg = Debug|Any CPU
		{47226226-F592-4D65-BD18-4CA86EC1AEB5}.Debug|ARM.Build.0 = Debug|Any CPU
		{47226226-F592-4D65-BD18-4CA86EC1AEB5}.Debug|ARM.Deploy.0 = Debug|Any CPU
		{47226226-F592-4D65-BD18-4CA86EC1AEB5}.Debug|iPhone.ActiveCfg = Debug|Any CPU
		{47226226-F592-4D65-BD18-4CA86EC1AEB5}.Debug|iPhone.Build.0 = Debug|Any CPU
		{47226226-F592-4D65-BD18-4CA86EC1AEB5}.Debug|iPhone.Deploy.0 = Debug|Any CPU
		{47226226-F592-4D65-BD18-4CA86EC1AEB5}.Debug|iPhoneSimulator.ActiveCfg = Debug|Any CPU
		{47226226-F592-4D65-BD18-4CA86EC1AEB5}.Debug|iPhoneSimulator.Build.0 = Debug|Any CPU
		{47226226-F592-4D65-BD18-4CA86EC1AEB5}.Debug|iPhoneSimulator.Deploy.0 = Debug|Any CPU
		{47226226-F592-4D65-BD18-4CA86EC1AEB5}.Debug|x64.ActiveCfg = Debug|Any CPU
		{47226226-F592-4D65-BD18-4CA86EC1AEB5}.Debug|x64.Build.0 = Debug|Any CPU
		{47226226-F592-4D65-BD18-4CA86EC1AEB5}.Debug|x64.Deploy.0 = Debug|Any CPU
		{47226226-F592-4D65-BD18-4CA86EC1AEB5}.Debug|x86.ActiveCfg = Debug|Any CPU
		{47226226-F592-4D65-BD18-4CA86EC1AEB5}.Debug|x86.Build.0 = Debug|Any CPU
		{47226226-F592-4D65-BD18-4CA86EC1AEB5}.Debug|x86.Deploy.0 = Debug|Any CPU
		{47226226-F592-4D65-BD18-4CA86EC1AEB5}.Release|Any CPU.ActiveCfg = Release|Any CPU
		{47226226-F592-4D65-BD18-4CA86EC1AEB5}.Release|Any CPU.Build.0 = Release|Any CPU
		{47226226-F592-4D65-BD18-4CA86EC1AEB5}.Release|Any CPU.Deploy.0 = Release|Any CPU
		{47226226-F592-4D65-BD18-4CA86EC1AEB5}.Release|ARM.ActiveCfg = Release|Any CPU
		{47226226-F592-4D65-BD18-4CA86EC1AEB5}.Release|ARM.Build.0 = Release|Any CPU
		{47226226-F592-4D65-BD18-4CA86EC1AEB5}.Release|ARM.Deploy.0 = Release|Any CPU
		{47226226-F592-4D65-BD18-4CA86EC1AEB5}.Release|iPhone.ActiveCfg = Release|Any CPU
		{47226226-F592-4D65-BD18-4CA86EC1AEB5}.Release|iPhone.Build.0 = Release|Any CPU
		{47226226-F592-4D65-BD18-4CA86EC1AEB5}.Release|iPhone.Deploy.0 = Release|Any CPU
		{47226226-F592-4D65-BD18-4CA86EC1AEB5}.Release|iPhoneSimulator.ActiveCfg = Release|Any CPU
		{47226226-F592-4D65-BD18-4CA86EC1AEB5}.Release|iPhoneSimulator.Build.0 = Release|Any CPU
		{47226226-F592-4D65-BD18-4CA86EC1AEB5}.Release|iPhoneSimulator.Deploy.0 = Release|Any CPU
		{47226226-F592-4D65-BD18-4CA86EC1AEB5}.Release|x64.ActiveCfg = Release|Any CPU
		{47226226-F592-4D65-BD18-4CA86EC1AEB5}.Release|x64.Build.0 = Release|Any CPU
		{47226226-F592-4D65-BD18-4CA86EC1AEB5}.Release|x64.Deploy.0 = Release|Any CPU
		{47226226-F592-4D65-BD18-4CA86EC1AEB5}.Release|x86.ActiveCfg = Release|Any CPU
		{47226226-F592-4D65-BD18-4CA86EC1AEB5}.Release|x86.Build.0 = Release|Any CPU
		{47226226-F592-4D65-BD18-4CA86EC1AEB5}.Release|x86.Deploy.0 = Release|Any CPU
		{F9D98FCB-A950-430E-8EFE-38A58AB94493}.Ad-Hoc|Any CPU.ActiveCfg = Ad-Hoc|iPhone
		{F9D98FCB-A950-430E-8EFE-38A58AB94493}.Ad-Hoc|ARM.ActiveCfg = Ad-Hoc|iPhone
		{F9D98FCB-A950-430E-8EFE-38A58AB94493}.Ad-Hoc|iPhone.ActiveCfg = Ad-Hoc|iPhone
		{F9D98FCB-A950-430E-8EFE-38A58AB94493}.Ad-Hoc|iPhone.Build.0 = Ad-Hoc|iPhone
		{F9D98FCB-A950-430E-8EFE-38A58AB94493}.Ad-Hoc|iPhoneSimulator.ActiveCfg = Ad-Hoc|iPhoneSimulator
		{F9D98FCB-A950-430E-8EFE-38A58AB94493}.Ad-Hoc|iPhoneSimulator.Build.0 = Ad-Hoc|iPhoneSimulator
		{F9D98FCB-A950-430E-8EFE-38A58AB94493}.Ad-Hoc|x64.ActiveCfg = Ad-Hoc|iPhone
		{F9D98FCB-A950-430E-8EFE-38A58AB94493}.Ad-Hoc|x86.ActiveCfg = Ad-Hoc|iPhone
		{F9D98FCB-A950-430E-8EFE-38A58AB94493}.AppStore|Any CPU.ActiveCfg = AppStore|iPhone
		{F9D98FCB-A950-430E-8EFE-38A58AB94493}.AppStore|ARM.ActiveCfg = AppStore|iPhone
		{F9D98FCB-A950-430E-8EFE-38A58AB94493}.AppStore|iPhone.ActiveCfg = AppStore|iPhone
		{F9D98FCB-A950-430E-8EFE-38A58AB94493}.AppStore|iPhone.Build.0 = AppStore|iPhone
		{F9D98FCB-A950-430E-8EFE-38A58AB94493}.AppStore|iPhoneSimulator.ActiveCfg = AppStore|iPhoneSimulator
		{F9D98FCB-A950-430E-8EFE-38A58AB94493}.AppStore|iPhoneSimulator.Build.0 = AppStore|iPhoneSimulator
		{F9D98FCB-A950-430E-8EFE-38A58AB94493}.AppStore|x64.ActiveCfg = AppStore|iPhone
		{F9D98FCB-A950-430E-8EFE-38A58AB94493}.AppStore|x86.ActiveCfg = AppStore|iPhone
		{F9D98FCB-A950-430E-8EFE-38A58AB94493}.Debug|Any CPU.ActiveCfg = Debug|iPhone
		{F9D98FCB-A950-430E-8EFE-38A58AB94493}.Debug|ARM.ActiveCfg = Debug|iPhone
		{F9D98FCB-A950-430E-8EFE-38A58AB94493}.Debug|iPhone.ActiveCfg = Debug|iPhone
		{F9D98FCB-A950-430E-8EFE-38A58AB94493}.Debug|iPhone.Build.0 = Debug|iPhone
		{F9D98FCB-A950-430E-8EFE-38A58AB94493}.Debug|iPhoneSimulator.ActiveCfg = Debug|iPhoneSimulator
		{F9D98FCB-A950-430E-8EFE-38A58AB94493}.Debug|iPhoneSimulator.Build.0 = Debug|iPhoneSimulator
		{F9D98FCB-A950-430E-8EFE-38A58AB94493}.Debug|x64.ActiveCfg = Debug|iPhone
		{F9D98FCB-A950-430E-8EFE-38A58AB94493}.Debug|x86.ActiveCfg = Debug|iPhone
		{F9D98FCB-A950-430E-8EFE-38A58AB94493}.Release|Any CPU.ActiveCfg = Release|iPhone
		{F9D98FCB-A950-430E-8EFE-38A58AB94493}.Release|ARM.ActiveCfg = Release|iPhone
		{F9D98FCB-A950-430E-8EFE-38A58AB94493}.Release|iPhone.ActiveCfg = Release|iPhone
		{F9D98FCB-A950-430E-8EFE-38A58AB94493}.Release|iPhone.Build.0 = Release|iPhone
		{F9D98FCB-A950-430E-8EFE-38A58AB94493}.Release|iPhoneSimulator.ActiveCfg = Release|iPhoneSimulator
		{F9D98FCB-A950-430E-8EFE-38A58AB94493}.Release|iPhoneSimulator.Build.0 = Release|iPhoneSimulator
		{F9D98FCB-A950-430E-8EFE-38A58AB94493}.Release|x64.ActiveCfg = Release|iPhone
		{F9D98FCB-A950-430E-8EFE-38A58AB94493}.Release|x86.ActiveCfg = Release|iPhone
		{9A3190CE-9334-4C6B-B012-004EFF7D70A6}.Ad-Hoc|Any CPU.ActiveCfg = Release|x86
		{9A3190CE-9334-4C6B-B012-004EFF7D70A6}.Ad-Hoc|Any CPU.Build.0 = Release|x86
		{9A3190CE-9334-4C6B-B012-004EFF7D70A6}.Ad-Hoc|Any CPU.Deploy.0 = Release|x86
		{9A3190CE-9334-4C6B-B012-004EFF7D70A6}.Ad-Hoc|ARM.ActiveCfg = Release|ARM
		{9A3190CE-9334-4C6B-B012-004EFF7D70A6}.Ad-Hoc|ARM.Build.0 = Release|ARM
		{9A3190CE-9334-4C6B-B012-004EFF7D70A6}.Ad-Hoc|ARM.Deploy.0 = Release|ARM
		{9A3190CE-9334-4C6B-B012-004EFF7D70A6}.Ad-Hoc|iPhone.ActiveCfg = Release|x86
		{9A3190CE-9334-4C6B-B012-004EFF7D70A6}.Ad-Hoc|iPhone.Build.0 = Release|x86
		{9A3190CE-9334-4C6B-B012-004EFF7D70A6}.Ad-Hoc|iPhone.Deploy.0 = Release|x86
		{9A3190CE-9334-4C6B-B012-004EFF7D70A6}.Ad-Hoc|iPhoneSimulator.ActiveCfg = Release|x86
		{9A3190CE-9334-4C6B-B012-004EFF7D70A6}.Ad-Hoc|iPhoneSimulator.Build.0 = Release|x86
		{9A3190CE-9334-4C6B-B012-004EFF7D70A6}.Ad-Hoc|iPhoneSimulator.Deploy.0 = Release|x86
		{9A3190CE-9334-4C6B-B012-004EFF7D70A6}.Ad-Hoc|x64.ActiveCfg = Release|x64
		{9A3190CE-9334-4C6B-B012-004EFF7D70A6}.Ad-Hoc|x64.Build.0 = Release|x64
		{9A3190CE-9334-4C6B-B012-004EFF7D70A6}.Ad-Hoc|x64.Deploy.0 = Release|x64
		{9A3190CE-9334-4C6B-B012-004EFF7D70A6}.Ad-Hoc|x86.ActiveCfg = Release|x86
		{9A3190CE-9334-4C6B-B012-004EFF7D70A6}.Ad-Hoc|x86.Build.0 = Release|x86
		{9A3190CE-9334-4C6B-B012-004EFF7D70A6}.Ad-Hoc|x86.Deploy.0 = Release|x86
		{9A3190CE-9334-4C6B-B012-004EFF7D70A6}.AppStore|Any CPU.ActiveCfg = Release|x86
		{9A3190CE-9334-4C6B-B012-004EFF7D70A6}.AppStore|Any CPU.Build.0 = Release|x86
		{9A3190CE-9334-4C6B-B012-004EFF7D70A6}.AppStore|Any CPU.Deploy.0 = Release|x86
		{9A3190CE-9334-4C6B-B012-004EFF7D70A6}.AppStore|ARM.ActiveCfg = Release|ARM
		{9A3190CE-9334-4C6B-B012-004EFF7D70A6}.AppStore|ARM.Build.0 = Release|ARM
		{9A3190CE-9334-4C6B-B012-004EFF7D70A6}.AppStore|ARM.Deploy.0 = Release|ARM
		{9A3190CE-9334-4C6B-B012-004EFF7D70A6}.AppStore|iPhone.ActiveCfg = Release|x86
		{9A3190CE-9334-4C6B-B012-004EFF7D70A6}.AppStore|iPhone.Build.0 = Release|x86
		{9A3190CE-9334-4C6B-B012-004EFF7D70A6}.AppStore|iPhone.Deploy.0 = Release|x86
		{9A3190CE-9334-4C6B-B012-004EFF7D70A6}.AppStore|iPhoneSimulator.ActiveCfg = Release|x86
		{9A3190CE-9334-4C6B-B012-004EFF7D70A6}.AppStore|iPhoneSimulator.Build.0 = Release|x86
		{9A3190CE-9334-4C6B-B012-004EFF7D70A6}.AppStore|iPhoneSimulator.Deploy.0 = Release|x86
		{9A3190CE-9334-4C6B-B012-004EFF7D70A6}.AppStore|x64.ActiveCfg = Release|x64
		{9A3190CE-9334-4C6B-B012-004EFF7D70A6}.AppStore|x64.Build.0 = Release|x64
		{9A3190CE-9334-4C6B-B012-004EFF7D70A6}.AppStore|x64.Deploy.0 = Release|x64
		{9A3190CE-9334-4C6B-B012-004EFF7D70A6}.AppStore|x86.ActiveCfg = Release|x86
		{9A3190CE-9334-4C6B-B012-004EFF7D70A6}.AppStore|x86.Build.0 = Release|x86
		{9A3190CE-9334-4C6B-B012-004EFF7D70A6}.AppStore|x86.Deploy.0 = Release|x86
		{9A3190CE-9334-4C6B-B012-004EFF7D70A6}.Debug|Any CPU.ActiveCfg = Debug|x86
		{9A3190CE-9334-4C6B-B012-004EFF7D70A6}.Debug|ARM.ActiveCfg = Debug|ARM
		{9A3190CE-9334-4C6B-B012-004EFF7D70A6}.Debug|ARM.Build.0 = Debug|ARM
		{9A3190CE-9334-4C6B-B012-004EFF7D70A6}.Debug|ARM.Deploy.0 = Debug|ARM
		{9A3190CE-9334-4C6B-B012-004EFF7D70A6}.Debug|iPhone.ActiveCfg = Debug|x86
		{9A3190CE-9334-4C6B-B012-004EFF7D70A6}.Debug|iPhoneSimulator.ActiveCfg = Debug|x86
		{9A3190CE-9334-4C6B-B012-004EFF7D70A6}.Debug|x64.ActiveCfg = Debug|x64
		{9A3190CE-9334-4C6B-B012-004EFF7D70A6}.Debug|x64.Build.0 = Debug|x64
		{9A3190CE-9334-4C6B-B012-004EFF7D70A6}.Debug|x64.Deploy.0 = Debug|x64
		{9A3190CE-9334-4C6B-B012-004EFF7D70A6}.Debug|x86.ActiveCfg = Debug|x86
		{9A3190CE-9334-4C6B-B012-004EFF7D70A6}.Debug|x86.Build.0 = Debug|x86
		{9A3190CE-9334-4C6B-B012-004EFF7D70A6}.Debug|x86.Deploy.0 = Debug|x86
		{9A3190CE-9334-4C6B-B012-004EFF7D70A6}.Release|Any CPU.ActiveCfg = Release|x86
		{9A3190CE-9334-4C6B-B012-004EFF7D70A6}.Release|ARM.ActiveCfg = Release|ARM
		{9A3190CE-9334-4C6B-B012-004EFF7D70A6}.Release|ARM.Build.0 = Release|ARM
		{9A3190CE-9334-4C6B-B012-004EFF7D70A6}.Release|ARM.Deploy.0 = Release|ARM
		{9A3190CE-9334-4C6B-B012-004EFF7D70A6}.Release|iPhone.ActiveCfg = Release|x86
		{9A3190CE-9334-4C6B-B012-004EFF7D70A6}.Release|iPhoneSimulator.ActiveCfg = Release|x86
		{9A3190CE-9334-4C6B-B012-004EFF7D70A6}.Release|x64.ActiveCfg = Release|x64
		{9A3190CE-9334-4C6B-B012-004EFF7D70A6}.Release|x64.Build.0 = Release|x64
		{9A3190CE-9334-4C6B-B012-004EFF7D70A6}.Release|x64.Deploy.0 = Release|x64
		{9A3190CE-9334-4C6B-B012-004EFF7D70A6}.Release|x86.ActiveCfg = Release|x86
		{9A3190CE-9334-4C6B-B012-004EFF7D70A6}.Release|x86.Build.0 = Release|x86
		{9A3190CE-9334-4C6B-B012-004EFF7D70A6}.Release|x86.Deploy.0 = Release|x86
	EndGlobalSection
	GlobalSection(SolutionProperties) = preSolution
		HideSolutionNode = FALSE
	EndGlobalSection
EndGlobal
